// !$*UTF8*$!
{
	archiveVersion = 1;
	classes = {
	};
	objectVersion = 46;
	objects = {

/* Begin PBXBuildFile section */
		433773EE1B982BBE000DE3BF /* TabelogUIView.m in Sources */ = {isa = PBXBuildFile; fileRef = 433773ED1B982BBE000DE3BF /* TabelogUIView.m */; };
		433F121D1B91F7E9004CC4C3 /* SignInViewController.m in Sources */ = {isa = PBXBuildFile; fileRef = 433F121C1B91F7E9004CC4C3 /* SignInViewController.m */; };
		4347E97B1B92C00900A86816 /* FollowingUsersViewController.m in Sources */ = {isa = PBXBuildFile; fileRef = 4347E97A1B92C00900A86816 /* FollowingUsersViewController.m */; };
		436F62401B92D95D00AF107F /* Main.storyboard in Resources */ = {isa = PBXBuildFile; fileRef = 436F623F1B92D95D00AF107F /* Main.storyboard */; };
		437375A81B9499EC00561217 /* Images.xcassets in Resources */ = {isa = PBXBuildFile; fileRef = 437375A71B9499EC00561217 /* Images.xcassets */; };
		4383CC771B968FC7001F7A1F /* NetworkingManager.m in Sources */ = {isa = PBXBuildFile; fileRef = 4383CC761B968FC7001F7A1F /* NetworkingManager.m */; };
		4383CC7A1B96ADB6001F7A1F /* TabelogToken.m in Sources */ = {isa = PBXBuildFile; fileRef = 4383CC791B96ADB6001F7A1F /* TabelogToken.m */; };
		439571CF1B984B280015FADE /* UserData.m in Sources */ = {isa = PBXBuildFile; fileRef = 439571CE1B984B280015FADE /* UserData.m */; };
		439571D21B984C0E0015FADE /* UserModel.m in Sources */ = {isa = PBXBuildFile; fileRef = 439571D11B984C0E0015FADE /* UserModel.m */; };
		43A43A561B91DC52003D27B9 /* main.m in Sources */ = {isa = PBXBuildFile; fileRef = 43A43A551B91DC52003D27B9 /* main.m */; };
		43A43A591B91DC52003D27B9 /* AppDelegate.m in Sources */ = {isa = PBXBuildFile; fileRef = 43A43A581B91DC52003D27B9 /* AppDelegate.m */; };
		43A43A5C1B91DC52003D27B9 /* TABELogK.xcdatamodeld in Sources */ = {isa = PBXBuildFile; fileRef = 43A43A5A1B91DC52003D27B9 /* TABELogK.xcdatamodeld */; };
		43A43A5F1B91DC52003D27B9 /* MainViewController.m in Sources */ = {isa = PBXBuildFile; fileRef = 43A43A5E1B91DC52003D27B9 /* MainViewController.m */; };
		43A43A671B91DC52003D27B9 /* LaunchScreen.xib in Resources */ = {isa = PBXBuildFile; fileRef = 43A43A651B91DC52003D27B9 /* LaunchScreen.xib */; };
		43A43A731B91DC52003D27B9 /* TABELogKTests.m in Sources */ = {isa = PBXBuildFile; fileRef = 43A43A721B91DC52003D27B9 /* TABELogKTests.m */; };
		43D1FFB61B91FBAA002969A7 /* DrawLine.m in Sources */ = {isa = PBXBuildFile; fileRef = 43D1FFB51B91FBAA002969A7 /* DrawLine.m */; };
		D8C2ADEFE5A197403BFE0A21 /* libPods.a in Frameworks */ = {isa = PBXBuildFile; fileRef = E03882A6104197E154AE07F6 /* libPods.a */; };
/* End PBXBuildFile section */

/* Begin PBXContainerItemProxy section */
		43A43A6D1B91DC52003D27B9 /* PBXContainerItemProxy */ = {
			isa = PBXContainerItemProxy;
			containerPortal = 43A43A481B91DC52003D27B9 /* Project object */;
			proxyType = 1;
			remoteGlobalIDString = 43A43A4F1B91DC52003D27B9;
			remoteInfo = TABELogK;
		};
/* End PBXContainerItemProxy section */

/* Begin PBXFileReference section */
		271D79367C53535D7F3FDB8F /* Pods.debug.xcconfig */ = {isa = PBXFileReference; includeInIndex = 1; lastKnownFileType = text.xcconfig; name = Pods.debug.xcconfig; path = "Pods/Target Support Files/Pods/Pods.debug.xcconfig"; sourceTree = "<group>"; };
		2A6D4B077B47CF699F270BA0 /* Pods.release.xcconfig */ = {isa = PBXFileReference; includeInIndex = 1; lastKnownFileType = text.xcconfig; name = Pods.release.xcconfig; path = "Pods/Target Support Files/Pods/Pods.release.xcconfig"; sourceTree = "<group>"; };
		433773EC1B982BBE000DE3BF /* TabelogUIView.h */ = {isa = PBXFileReference; fileEncoding = 4; lastKnownFileType = sourcecode.c.h; path = TabelogUIView.h; sourceTree = "<group>"; };
		433773ED1B982BBE000DE3BF /* TabelogUIView.m */ = {isa = PBXFileReference; fileEncoding = 4; lastKnownFileType = sourcecode.c.objc; path = TabelogUIView.m; sourceTree = "<group>"; };
		433F121B1B91F7E9004CC4C3 /* SignInViewController.h */ = {isa = PBXFileReference; fileEncoding = 4; lastKnownFileType = sourcecode.c.h; path = SignInViewController.h; sourceTree = "<group>"; };
		433F121C1B91F7E9004CC4C3 /* SignInViewController.m */ = {isa = PBXFileReference; fileEncoding = 4; lastKnownFileType = sourcecode.c.objc; path = SignInViewController.m; sourceTree = "<group>"; };
		4347E9791B92C00900A86816 /* FollowingUsersViewController.h */ = {isa = PBXFileReference; fileEncoding = 4; lastKnownFileType = sourcecode.c.h; path = FollowingUsersViewController.h; sourceTree = "<group>"; };
		4347E97A1B92C00900A86816 /* FollowingUsersViewController.m */ = {isa = PBXFileReference; fileEncoding = 4; lastKnownFileType = sourcecode.c.objc; path = FollowingUsersViewController.m; sourceTree = "<group>"; };
		436F623F1B92D95D00AF107F /* Main.storyboard */ = {isa = PBXFileReference; fileEncoding = 4; lastKnownFileType = file.storyboard; path = Main.storyboard; sourceTree = "<group>"; };
		437375A71B9499EC00561217 /* Images.xcassets */ = {isa = PBXFileReference; lastKnownFileType = folder.assetcatalog; path = Images.xcassets; sourceTree = "<group>"; };
		4383CC751B968FC7001F7A1F /* NetworkingManager.h */ = {isa = PBXFileReference; fileEncoding = 4; lastKnownFileType = sourcecode.c.h; path = NetworkingManager.h; sourceTree = "<group>"; };
		4383CC761B968FC7001F7A1F /* NetworkingManager.m */ = {isa = PBXFileReference; fileEncoding = 4; lastKnownFileType = sourcecode.c.objc; path = NetworkingManager.m; sourceTree = "<group>"; };
		4383CC781B96ADB6001F7A1F /* TabelogToken.h */ = {isa = PBXFileReference; fileEncoding = 4; lastKnownFileType = sourcecode.c.h; path = TabelogToken.h; sourceTree = "<group>"; };
		4383CC791B96ADB6001F7A1F /* TabelogToken.m */ = {isa = PBXFileReference; fileEncoding = 4; lastKnownFileType = sourcecode.c.objc; path = TabelogToken.m; sourceTree = "<group>"; };
		439571CD1B984B280015FADE /* UserData.h */ = {isa = PBXFileReference; fileEncoding = 4; lastKnownFileType = sourcecode.c.h; path = UserData.h; sourceTree = "<group>"; };
		439571CE1B984B280015FADE /* UserData.m */ = {isa = PBXFileReference; fileEncoding = 4; lastKnownFileType = sourcecode.c.objc; path = UserData.m; sourceTree = "<group>"; };
		439571D01B984C0E0015FADE /* UserModel.h */ = {isa = PBXFileReference; fileEncoding = 4; lastKnownFileType = sourcecode.c.h; path = UserModel.h; sourceTree = "<group>"; };
		439571D11B984C0E0015FADE /* UserModel.m */ = {isa = PBXFileReference; fileEncoding = 4; lastKnownFileType = sourcecode.c.objc; path = UserModel.m; sourceTree = "<group>"; };
		43A43A501B91DC52003D27B9 /* TABELogK.app */ = {isa = PBXFileReference; explicitFileType = wrapper.application; includeInIndex = 0; path = TABELogK.app; sourceTree = BUILT_PRODUCTS_DIR; };
		43A43A541B91DC52003D27B9 /* Info.plist */ = {isa = PBXFileReference; lastKnownFileType = text.plist.xml; path = Info.plist; sourceTree = "<group>"; };
		43A43A551B91DC52003D27B9 /* main.m */ = {isa = PBXFileReference; lastKnownFileType = sourcecode.c.objc; path = main.m; sourceTree = "<group>"; };
		43A43A571B91DC52003D27B9 /* AppDelegate.h */ = {isa = PBXFileReference; lastKnownFileType = sourcecode.c.h; path = AppDelegate.h; sourceTree = "<group>"; };
		43A43A581B91DC52003D27B9 /* AppDelegate.m */ = {isa = PBXFileReference; lastKnownFileType = sourcecode.c.objc; path = AppDelegate.m; sourceTree = "<group>"; };
		43A43A5B1B91DC52003D27B9 /* TABELogK.xcdatamodel */ = {isa = PBXFileReference; lastKnownFileType = wrapper.xcdatamodel; path = TABELogK.xcdatamodel; sourceTree = "<group>"; };
		43A43A5D1B91DC52003D27B9 /* MainViewController.h */ = {isa = PBXFileReference; lastKnownFileType = sourcecode.c.h; path = MainViewController.h; sourceTree = "<group>"; };
		43A43A5E1B91DC52003D27B9 /* MainViewController.m */ = {isa = PBXFileReference; lastKnownFileType = sourcecode.c.objc; path = MainViewController.m; sourceTree = "<group>"; };
		43A43A661B91DC52003D27B9 /* Base */ = {isa = PBXFileReference; lastKnownFileType = file.xib; name = Base; path = Base.lproj/LaunchScreen.xib; sourceTree = "<group>"; };
		43A43A6C1B91DC52003D27B9 /* TABELogKTests.xctest */ = {isa = PBXFileReference; explicitFileType = wrapper.cfbundle; includeInIndex = 0; path = TABELogKTests.xctest; sourceTree = BUILT_PRODUCTS_DIR; };
		43A43A711B91DC52003D27B9 /* Info.plist */ = {isa = PBXFileReference; lastKnownFileType = text.plist.xml; path = Info.plist; sourceTree = "<group>"; };
		43A43A721B91DC52003D27B9 /* TABELogKTests.m */ = {isa = PBXFileReference; lastKnownFileType = sourcecode.c.objc; path = TABELogKTests.m; sourceTree = "<group>"; };
		43D1FFB41B91FBAA002969A7 /* DrawLine.h */ = {isa = PBXFileReference; fileEncoding = 4; lastKnownFileType = sourcecode.c.h; path = DrawLine.h; sourceTree = "<group>"; };
		43D1FFB51B91FBAA002969A7 /* DrawLine.m */ = {isa = PBXFileReference; fileEncoding = 4; lastKnownFileType = sourcecode.c.objc; path = DrawLine.m; sourceTree = "<group>"; };
		E03882A6104197E154AE07F6 /* libPods.a */ = {isa = PBXFileReference; explicitFileType = archive.ar; includeInIndex = 0; path = libPods.a; sourceTree = BUILT_PRODUCTS_DIR; };
/* End PBXFileReference section */

/* Begin PBXFrameworksBuildPhase section */
		43A43A4D1B91DC52003D27B9 /* Frameworks */ = {
			isa = PBXFrameworksBuildPhase;
			buildActionMask = 2147483647;
			files = (
				D8C2ADEFE5A197403BFE0A21 /* libPods.a in Frameworks */,
			);
			runOnlyForDeploymentPostprocessing = 0;
		};
		43A43A691B91DC52003D27B9 /* Frameworks */ = {
			isa = PBXFrameworksBuildPhase;
			buildActionMask = 2147483647;
			files = (
			);
			runOnlyForDeploymentPostprocessing = 0;
		};
/* End PBXFrameworksBuildPhase section */

/* Begin PBXGroup section */
		43A43A471B91DC52003D27B9 = {
			isa = PBXGroup;
			children = (
				43A43A521B91DC52003D27B9 /* TABELogK */,
				43A43A6F1B91DC52003D27B9 /* TABELogKTests */,
				43A43A511B91DC52003D27B9 /* Products */,
				A071CE335C320752F16686E3 /* Pods */,
				B8DE7E731EBDB062794ECB3D /* Frameworks */,
			);
			sourceTree = "<group>";
		};
		43A43A511B91DC52003D27B9 /* Products */ = {
			isa = PBXGroup;
			children = (
				43A43A501B91DC52003D27B9 /* TABELogK.app */,
				43A43A6C1B91DC52003D27B9 /* TABELogKTests.xctest */,
			);
			name = Products;
			sourceTree = "<group>";
		};
		43A43A521B91DC52003D27B9 /* TABELogK */ = {
			isa = PBXGroup;
			children = (
				437375A71B9499EC00561217 /* Images.xcassets */,
				43A43A571B91DC52003D27B9 /* AppDelegate.h */,
				43A43A581B91DC52003D27B9 /* AppDelegate.m */,
				43A43A5D1B91DC52003D27B9 /* MainViewController.h */,
				43A43A5E1B91DC52003D27B9 /* MainViewController.m */,
				43A43A651B91DC52003D27B9 /* LaunchScreen.xib */,
				43A43A5A1B91DC52003D27B9 /* TABELogK.xcdatamodeld */,
				43A43A531B91DC52003D27B9 /* Supporting Files */,
				433F121B1B91F7E9004CC4C3 /* SignInViewController.h */,
				433F121C1B91F7E9004CC4C3 /* SignInViewController.m */,
				43D1FFB41B91FBAA002969A7 /* DrawLine.h */,
				43D1FFB51B91FBAA002969A7 /* DrawLine.m */,
				4347E9791B92C00900A86816 /* FollowingUsersViewController.h */,
				4347E97A1B92C00900A86816 /* FollowingUsersViewController.m */,
				436F623F1B92D95D00AF107F /* Main.storyboard */,
				4383CC751B968FC7001F7A1F /* NetworkingManager.h */,
				4383CC761B968FC7001F7A1F /* NetworkingManager.m */,
				4383CC781B96ADB6001F7A1F /* TabelogToken.h */,
				4383CC791B96ADB6001F7A1F /* TabelogToken.m */,
				433773EC1B982BBE000DE3BF /* TabelogUIView.h */,
				433773ED1B982BBE000DE3BF /* TabelogUIView.m */,
				439571CD1B984B280015FADE /* UserData.h */,
				439571CE1B984B280015FADE /* UserData.m */,
				439571D01B984C0E0015FADE /* UserModel.h */,
				439571D11B984C0E0015FADE /* UserModel.m */,
			);
			path = TABELogK;
			sourceTree = "<group>";
		};
		43A43A531B91DC52003D27B9 /* Supporting Files */ = {
			isa = PBXGroup;
			children = (
				43A43A541B91DC52003D27B9 /* Info.plist */,
				43A43A551B91DC52003D27B9 /* main.m */,
			);
			name = "Supporting Files";
			sourceTree = "<group>";
		};
		43A43A6F1B91DC52003D27B9 /* TABELogKTests */ = {
			isa = PBXGroup;
			children = (
				43A43A721B91DC52003D27B9 /* TABELogKTests.m */,
				43A43A701B91DC52003D27B9 /* Supporting Files */,
			);
			path = TABELogKTests;
			sourceTree = "<group>";
		};
		43A43A701B91DC52003D27B9 /* Supporting Files */ = {
			isa = PBXGroup;
			children = (
				43A43A711B91DC52003D27B9 /* Info.plist */,
			);
			name = "Supporting Files";
			sourceTree = "<group>";
		};
		A071CE335C320752F16686E3 /* Pods */ = {
			isa = PBXGroup;
			children = (
				271D79367C53535D7F3FDB8F /* Pods.debug.xcconfig */,
				2A6D4B077B47CF699F270BA0 /* Pods.release.xcconfig */,
			);
			name = Pods;
			sourceTree = "<group>";
		};
		B8DE7E731EBDB062794ECB3D /* Frameworks */ = {
			isa = PBXGroup;
			children = (
				E03882A6104197E154AE07F6 /* libPods.a */,
			);
			name = Frameworks;
			sourceTree = "<group>";
		};
/* End PBXGroup section */

/* Begin PBXNativeTarget section */
		43A43A4F1B91DC52003D27B9 /* TABELogK */ = {
			isa = PBXNativeTarget;
			buildConfigurationList = 43A43A761B91DC52003D27B9 /* Build configuration list for PBXNativeTarget "TABELogK" */;
			buildPhases = (
				518412060F25DA4DB5F6150A /* Check Pods Manifest.lock */,
				43A43A4C1B91DC52003D27B9 /* Sources */,
				43A43A4D1B91DC52003D27B9 /* Frameworks */,
				43A43A4E1B91DC52003D27B9 /* Resources */,
				7BC76F9BBC4F68377CD33387 /* Copy Pods Resources */,
			);
			buildRules = (
			);
			dependencies = (
			);
			name = TABELogK;
			productName = TABELogK;
			productReference = 43A43A501B91DC52003D27B9 /* TABELogK.app */;
			productType = "com.apple.product-type.application";
		};
		43A43A6B1B91DC52003D27B9 /* TABELogKTests */ = {
			isa = PBXNativeTarget;
			buildConfigurationList = 43A43A791B91DC52003D27B9 /* Build configuration list for PBXNativeTarget "TABELogKTests" */;
			buildPhases = (
				43A43A681B91DC52003D27B9 /* Sources */,
				43A43A691B91DC52003D27B9 /* Frameworks */,
				43A43A6A1B91DC52003D27B9 /* Resources */,
			);
			buildRules = (
			);
			dependencies = (
				43A43A6E1B91DC52003D27B9 /* PBXTargetDependency */,
			);
			name = TABELogKTests;
			productName = TABELogKTests;
			productReference = 43A43A6C1B91DC52003D27B9 /* TABELogKTests.xctest */;
			productType = "com.apple.product-type.bundle.unit-test";
		};
/* End PBXNativeTarget section */

/* Begin PBXProject section */
		43A43A481B91DC52003D27B9 /* Project object */ = {
			isa = PBXProject;
			attributes = {
				LastUpgradeCheck = 0610;
				ORGANIZATIONNAME = fokayx;
				TargetAttributes = {
					43A43A4F1B91DC52003D27B9 = {
						CreatedOnToolsVersion = 6.1.1;
					};
					43A43A6B1B91DC52003D27B9 = {
						CreatedOnToolsVersion = 6.1.1;
						TestTargetID = 43A43A4F1B91DC52003D27B9;
					};
				};
			};
			buildConfigurationList = 43A43A4B1B91DC52003D27B9 /* Build configuration list for PBXProject "TABELogK" */;
			compatibilityVersion = "Xcode 3.2";
			developmentRegion = English;
			hasScannedForEncodings = 0;
			knownRegions = (
				en,
				Base,
			);
			mainGroup = 43A43A471B91DC52003D27B9;
			productRefGroup = 43A43A511B91DC52003D27B9 /* Products */;
			projectDirPath = "";
			projectRoot = "";
			targets = (
				43A43A4F1B91DC52003D27B9 /* TABELogK */,
				43A43A6B1B91DC52003D27B9 /* TABELogKTests */,
			);
		};
/* End PBXProject section */

/* Begin PBXResourcesBuildPhase section */
		43A43A4E1B91DC52003D27B9 /* Resources */ = {
			isa = PBXResourcesBuildPhase;
			buildActionMask = 2147483647;
			files = (
				436F62401B92D95D00AF107F /* Main.storyboard in Resources */,
				437375A81B9499EC00561217 /* Images.xcassets in Resources */,
				43A43A671B91DC52003D27B9 /* LaunchScreen.xib in Resources */,
			);
			runOnlyForDeploymentPostprocessing = 0;
		};
		43A43A6A1B91DC52003D27B9 /* Resources */ = {
			isa = PBXResourcesBuildPhase;
			buildActionMask = 2147483647;
			files = (
			);
			runOnlyForDeploymentPostprocessing = 0;
		};
/* End PBXResourcesBuildPhase section */

/* Begin PBXShellScriptBuildPhase section */
		518412060F25DA4DB5F6150A /* Check Pods Manifest.lock */ = {
			isa = PBXShellScriptBuildPhase;
			buildActionMask = 2147483647;
			files = (
			);
			inputPaths = (
			);
			name = "Check Pods Manifest.lock";
			outputPaths = (
			);
			runOnlyForDeploymentPostprocessing = 0;
			shellPath = /bin/sh;
			shellScript = "diff \"${PODS_ROOT}/../Podfile.lock\" \"${PODS_ROOT}/Manifest.lock\" > /dev/null\nif [[ $? != 0 ]] ; then\n    cat << EOM\nerror: The sandbox is not in sync with the Podfile.lock. Run 'pod install' or update your CocoaPods installation.\nEOM\n    exit 1\nfi\n";
			showEnvVarsInLog = 0;
		};
		7BC76F9BBC4F68377CD33387 /* Copy Pods Resources */ = {
			isa = PBXShellScriptBuildPhase;
			buildActionMask = 2147483647;
			files = (
			);
			inputPaths = (
			);
			name = "Copy Pods Resources";
			outputPaths = (
			);
			runOnlyForDeploymentPostprocessing = 0;
			shellPath = /bin/sh;
			shellScript = "\"${SRCROOT}/Pods/Target Support Files/Pods/Pods-resources.sh\"\n";
			showEnvVarsInLog = 0;
		};
/* End PBXShellScriptBuildPhase section */

/* Begin PBXSourcesBuildPhase section */
		43A43A4C1B91DC52003D27B9 /* Sources */ = {
			isa = PBXSourcesBuildPhase;
			buildActionMask = 2147483647;
			files = (
				433F121D1B91F7E9004CC4C3 /* SignInViewController.m in Sources */,
				4383CC771B968FC7001F7A1F /* NetworkingManager.m in Sources */,
				439571D21B984C0E0015FADE /* UserModel.m in Sources */,
				43D1FFB61B91FBAA002969A7 /* DrawLine.m in Sources */,
				43A43A591B91DC52003D27B9 /* AppDelegate.m in Sources */,
				4347E97B1B92C00900A86816 /* FollowingUsersViewController.m in Sources */,
				433773EE1B982BBE000DE3BF /* TabelogUIView.m in Sources */,
				43A43A561B91DC52003D27B9 /* main.m in Sources */,
				43A43A5F1B91DC52003D27B9 /* MainViewController.m in Sources */,
				4383CC7A1B96ADB6001F7A1F /* TabelogToken.m in Sources */,
				43A43A5C1B91DC52003D27B9 /* TABELogK.xcdatamodeld in Sources */,
				439571CF1B984B280015FADE /* UserData.m in Sources */,
			);
			runOnlyForDeploymentPostprocessing = 0;
		};
		43A43A681B91DC52003D27B9 /* Sources */ = {
			isa = PBXSourcesBuildPhase;
			buildActionMask = 2147483647;
			files = (
				43A43A731B91DC52003D27B9 /* TABELogKTests.m in Sources */,
			);
			runOnlyForDeploymentPostprocessing = 0;
		};
/* End PBXSourcesBuildPhase section */

/* Begin PBXTargetDependency section */
		43A43A6E1B91DC52003D27B9 /* PBXTargetDependency */ = {
			isa = PBXTargetDependency;
			target = 43A43A4F1B91DC52003D27B9 /* TABELogK */;
			targetProxy = 43A43A6D1B91DC52003D27B9 /* PBXContainerItemProxy */;
		};
/* End PBXTargetDependency section */

/* Begin PBXVariantGroup section */
		43A43A651B91DC52003D27B9 /* LaunchScreen.xib */ = {
			isa = PBXVariantGroup;
			children = (
				43A43A661B91DC52003D27B9 /* Base */,
			);
			name = LaunchScreen.xib;
			sourceTree = "<group>";
		};
/* End PBXVariantGroup section */

/* Begin XCBuildConfiguration section */
		43A43A741B91DC52003D27B9 /* Debug */ = {
			isa = XCBuildConfiguration;
			buildSettings = {
				ALWAYS_SEARCH_USER_PATHS = NO;
				CLANG_CXX_LANGUAGE_STANDARD = "gnu++0x";
				CLANG_CXX_LIBRARY = "libc++";
				CLANG_ENABLE_MODULES = YES;
				CLANG_ENABLE_OBJC_ARC = YES;
				CLANG_WARN_BOOL_CONVERSION = YES;
				CLANG_WARN_CONSTANT_CONVERSION = YES;
				CLANG_WARN_DIRECT_OBJC_ISA_USAGE = YES_ERROR;
				CLANG_WARN_EMPTY_BODY = YES;
				CLANG_WARN_ENUM_CONVERSION = YES;
				CLANG_WARN_INT_CONVERSION = YES;
				CLANG_WARN_OBJC_ROOT_CLASS = YES_ERROR;
				CLANG_WARN_UNREACHABLE_CODE = YES;
				CLANG_WARN__DUPLICATE_METHOD_MATCH = YES;
				"CODE_SIGN_IDENTITY[sdk=iphoneos*]" = "iPhone Developer";
				COPY_PHASE_STRIP = NO;
				ENABLE_STRICT_OBJC_MSGSEND = YES;
				GCC_C_LANGUAGE_STANDARD = gnu99;
				GCC_DYNAMIC_NO_PIC = NO;
				GCC_OPTIMIZATION_LEVEL = 0;
				GCC_PREPROCESSOR_DEFINITIONS = (
					"DEBUG=1",
					"$(inherited)",
				);
				GCC_SYMBOLS_PRIVATE_EXTERN = NO;
				GCC_WARN_64_TO_32_BIT_CONVERSION = YES;
				GCC_WARN_ABOUT_RETURN_TYPE = YES_ERROR;
				GCC_WARN_UNDECLARED_SELECTOR = YES;
				GCC_WARN_UNINITIALIZED_AUTOS = YES_AGGRESSIVE;
				GCC_WARN_UNUSED_FUNCTION = YES;
				GCC_WARN_UNUSED_VARIABLE = YES;
				IPHONEOS_DEPLOYMENT_TARGET = 8.1;
				MTL_ENABLE_DEBUG_INFO = YES;
				ONLY_ACTIVE_ARCH = YES;
				SDKROOT = iphoneos;
			};
			name = Debug;
		};
		43A43A751B91DC52003D27B9 /* Release */ = {
			isa = XCBuildConfiguration;
			buildSettings = {
				ALWAYS_SEARCH_USER_PATHS = NO;
				CLANG_CXX_LANGUAGE_STANDARD = "gnu++0x";
				CLANG_CXX_LIBRARY = "libc++";
				CLANG_ENABLE_MODULES = YES;
				CLANG_ENABLE_OBJC_ARC = YES;
				CLANG_WARN_BOOL_CONVERSION = YES;
				CLANG_WARN_CONSTANT_CONVERSION = YES;
				CLANG_WARN_DIRECT_OBJC_ISA_USAGE = YES_ERROR;
				CLANG_WARN_EMPTY_BODY = YES;
				CLANG_WARN_ENUM_CONVERSION = YES;
				CLANG_WARN_INT_CONVERSION = YES;
				CLANG_WARN_OBJC_ROOT_CLASS = YES_ERROR;
				CLANG_WARN_UNREACHABLE_CODE = YES;
				CLANG_WARN__DUPLICATE_METHOD_MATCH = YES;
				"CODE_SIGN_IDENTITY[sdk=iphoneos*]" = "iPhone Developer";
				COPY_PHASE_STRIP = YES;
				ENABLE_NS_ASSERTIONS = NO;
				ENABLE_STRICT_OBJC_MSGSEND = YES;
				GCC_C_LANGUAGE_STANDARD = gnu99;
				GCC_WARN_64_TO_32_BIT_CONVERSION = YES;
				GCC_WARN_ABOUT_RETURN_TYPE = YES_ERROR;
				GCC_WARN_UNDECLARED_SELECTOR = YES;
				GCC_WARN_UNINITIALIZED_AUTOS = YES_AGGRESSIVE;
				GCC_WARN_UNUSED_FUNCTION = YES;
				GCC_WARN_UNUSED_VARIABLE = YES;
				IPHONEOS_DEPLOYMENT_TARGET = 8.1;
				MTL_ENABLE_DEBUG_INFO = NO;
				SDKROOT = iphoneos;
				VALIDATE_PRODUCT = YES;
			};
			name = Release;
		};
		43A43A771B91DC52003D27B9 /* Debug */ = {
			isa = XCBuildConfiguration;
			baseConfigurationReference = 271D79367C53535D7F3FDB8F /* Pods.debug.xcconfig */;
			buildSettings = {
				ASSETCATALOG_COMPILER_APPICON_NAME = AppIcon;
				INFOPLIST_FILE = TABELogK/Info.plist;
				LD_RUNPATH_SEARCH_PATHS = "$(inherited) @executable_path/Frameworks";
				PRODUCT_NAME = "$(TARGET_NAME)";
			};
			name = Debug;
		};
		43A43A781B91DC52003D27B9 /* Release */ = {
			isa = XCBuildConfiguration;
			baseConfigurationReference = 2A6D4B077B47CF699F270BA0 /* Pods.release.xcconfig */;
			buildSettings = {
				ASSETCATALOG_COMPILER_APPICON_NAME = AppIcon;
				INFOPLIST_FILE = TABELogK/Info.plist;
				LD_RUNPATH_SEARCH_PATHS = "$(inherited) @executable_path/Frameworks";
				PRODUCT_NAME = "$(TARGET_NAME)";
			};
			name = Release;
		};
		43A43A7A1B91DC52003D27B9 /* Debug */ = {
			isa = XCBuildConfiguration;
			buildSettings = {
				BUNDLE_LOADER = "$(TEST_HOST)";
				FRAMEWORK_SEARCH_PATHS = (
					"$(SDKROOT)/Developer/Library/Frameworks",
					"$(inherited)",
				);
				GCC_PREPROCESSOR_DEFINITIONS = (
					"DEBUG=1",
					"$(inherited)",
				);
				INFOPLIST_FILE = TABELogKTests/Info.plist;
				LD_RUNPATH_SEARCH_PATHS = "$(inherited) @executable_path/Frameworks @loader_path/Frameworks";
				PRODUCT_NAME = "$(TARGET_NAME)";
				TEST_HOST = "$(BUILT_PRODUCTS_DIR)/TABELogK.app/TABELogK";
			};
			name = Debug;
		};
		43A43A7B1B91DC52003D27B9 /* Release */ = {
			isa = XCBuildConfiguration;
			buildSettings = {
				BUNDLE_LOADER = "$(TEST_HOST)";
				FRAMEWORK_SEARCH_PATHS = (
					"$(SDKROOT)/Developer/Library/Frameworks",
					"$(inherited)",
				);
				INFOPLIST_FILE = TABELogKTests/Info.plist;
				LD_RUNPATH_SEARCH_PATHS = "$(inherited) @executable_path/Frameworks @loader_path/Frameworks";
				PRODUCT_NAME = "$(TARGET_NAME)";
				TEST_HOST = "$(BUILT_PRODUCTS_DIR)/TABELogK.app/TABELogK";
			};
			name = Release;
		};
/* End XCBuildConfiguration section */

/* Begin XCConfigurationList section */
		43A43A4B1B91DC52003D27B9 /* Build configuration list for PBXProject "TABELogK" */ = {
			isa = XCConfigurationList;
			buildConfigurations = (
				43A43A741B91DC52003D27B9 /* Debug */,
				43A43A751B91DC52003D27B9 /* Release */,
			);
			defaultConfigurationIsVisible = 0;
			defaultConfigurationName = Release;
		};
		43A43A761B91DC52003D27B9 /* Build configuration list for PBXNativeTarget "TABELogK" */ = {
			isa = XCConfigurationList;
			buildConfigurations = (
				43A43A771B91DC52003D27B9 /* Debug */,
				43A43A781B91DC52003D27B9 /* Release */,
			);
			defaultConfigurationIsVisible = 0;
			defaultConfigurationName = Release;
		};
		43A43A791B91DC52003D27B9 /* Build configuration list for PBXNativeTarget "TABELogKTests" */ = {
			isa = XCConfigurationList;
			buildConfigurations = (
				43A43A7A1B91DC52003D27B9 /* Debug */,
				43A43A7B1B91DC52003D27B9 /* Release */,
			);
			defaultConfigurationIsVisible = 0;
			defaultConfigurationName = Release;
		};
/* End XCConfigurationList section */

/* Begin XCVersionGroup section */
		43A43A5A1B91DC52003D27B9 /* TABELogK.xcdatamodeld */ = {
			isa = XCVersionGroup;
			children = (
				43A43A5B1B91DC52003D27B9 /* TABELogK.xcdatamodel */,
			);
			currentVersion = 43A43A5B1B91DC52003D27B9 /* TABELogK.xcdatamodel */;
			path = TABELogK.xcdatamodeld;
			sourceTree = "<group>";
			versionGroupType = wrapper.xcdatamodel;
		};
/* End XCVersionGroup section */
	};
	rootObject = 43A43A481B91DC52003D27B9 /* Project object */;
}
